// !$*UTF8*$!
{
	archiveVersion = 1;
	classes = {
	};
	objectVersion = 50;
	objects = {

/* Begin PBXBuildFile section */
		E20A938B24947D9000CBB519 /* AppDelegate.swift in Sources */ = {isa = PBXBuildFile; fileRef = E20A938A24947D9000CBB519 /* AppDelegate.swift */; };
		E20A938D24947D9000CBB519 /* SceneDelegate.swift in Sources */ = {isa = PBXBuildFile; fileRef = E20A938C24947D9000CBB519 /* SceneDelegate.swift */; };
		E20A938F24947D9000CBB519 /* ViewController.swift in Sources */ = {isa = PBXBuildFile; fileRef = E20A938E24947D9000CBB519 /* ViewController.swift */; };
		E20A939224947D9000CBB519 /* Main.storyboard in Resources */ = {isa = PBXBuildFile; fileRef = E20A939024947D9000CBB519 /* Main.storyboard */; };
		E20A939424947D9000CBB519 /* Assets.xcassets in Resources */ = {isa = PBXBuildFile; fileRef = E20A939324947D9000CBB519 /* Assets.xcassets */; };
		E20A939724947D9000CBB519 /* LaunchScreen.storyboard in Resources */ = {isa = PBXBuildFile; fileRef = E20A939524947D9000CBB519 /* LaunchScreen.storyboard */; };
		E20A93A224947D9100CBB519 /* ADASCalibrationInterfaceDemoTests.swift in Sources */ = {isa = PBXBuildFile; fileRef = E20A93A124947D9100CBB519 /* ADASCalibrationInterfaceDemoTests.swift */; };
		E20A93AD24947D9100CBB519 /* ADASCalibrationInterfaceDemoUITests.swift in Sources */ = {isa = PBXBuildFile; fileRef = E20A93AC24947D9100CBB519 /* ADASCalibrationInterfaceDemoUITests.swift */; };
		E20A93BD2494A46F00CBB519 /* SteeringWheel.swift in Sources */ = {isa = PBXBuildFile; fileRef = E20A93BC2494A46F00CBB519 /* SteeringWheel.swift */; };
		E260BC6D24961B6D00C4F26E /* ConstraintMultiplierTarget.swift in Sources */ = {isa = PBXBuildFile; fileRef = E260BC4724961B6D00C4F26E /* ConstraintMultiplierTarget.swift */; };
		E260BC6E24961B6D00C4F26E /* LayoutConstraintItem.swift in Sources */ = {isa = PBXBuildFile; fileRef = E260BC4824961B6D00C4F26E /* LayoutConstraintItem.swift */; };
		E260BC6F24961B6D00C4F26E /* ConstraintDescription.swift in Sources */ = {isa = PBXBuildFile; fileRef = E260BC4924961B6D00C4F26E /* ConstraintDescription.swift */; };
		E260BC7024961B6D00C4F26E /* ConstraintMakerPriortizable.swift in Sources */ = {isa = PBXBuildFile; fileRef = E260BC4A24961B6D00C4F26E /* ConstraintMakerPriortizable.swift */; };
		E260BC7124961B6D00C4F26E /* ConstraintAttributes.swift in Sources */ = {isa = PBXBuildFile; fileRef = E260BC4B24961B6D00C4F26E /* ConstraintAttributes.swift */; };
		E260BC7224961B6D00C4F26E /* ConstraintViewDSL.swift in Sources */ = {isa = PBXBuildFile; fileRef = E260BC4C24961B6D00C4F26E /* ConstraintViewDSL.swift */; };
		E260BC7324961B6D00C4F26E /* ConstraintPriorityTarget.swift in Sources */ = {isa = PBXBuildFile; fileRef = E260BC4D24961B6D00C4F26E /* ConstraintPriorityTarget.swift */; };
		E260BC7424961B6D00C4F26E /* ConstraintInsets.swift in Sources */ = {isa = PBXBuildFile; fileRef = E260BC4E24961B6D00C4F26E /* ConstraintInsets.swift */; };
		E260BC7524961B6D00C4F26E /* ConstraintMakerFinalizable.swift in Sources */ = {isa = PBXBuildFile; fileRef = E260BC4F24961B6D00C4F26E /* ConstraintMakerFinalizable.swift */; };
		E260BC7624961B6D00C4F26E /* ConstraintDSL.swift in Sources */ = {isa = PBXBuildFile; fileRef = E260BC5024961B6D00C4F26E /* ConstraintDSL.swift */; };
		E260BC7724961B6D00C4F26E /* ConstraintMakerExtendable.swift in Sources */ = {isa = PBXBuildFile; fileRef = E260BC5124961B6D00C4F26E /* ConstraintMakerExtendable.swift */; };
		E260BC7824961B6D00C4F26E /* ConstraintPriority.swift in Sources */ = {isa = PBXBuildFile; fileRef = E260BC5224961B6D00C4F26E /* ConstraintPriority.swift */; };
		E260BC7924961B6D00C4F26E /* ConstraintInsetTarget.swift in Sources */ = {isa = PBXBuildFile; fileRef = E260BC5324961B6D00C4F26E /* ConstraintInsetTarget.swift */; };
		E260BC7A24961B6D00C4F26E /* ConstraintDirectionalInsetTarget.swift in Sources */ = {isa = PBXBuildFile; fileRef = E260BC5424961B6D00C4F26E /* ConstraintDirectionalInsetTarget.swift */; };
		E260BC7B24961B6D00C4F26E /* ConstraintConfig.swift in Sources */ = {isa = PBXBuildFile; fileRef = E260BC5624961B6D00C4F26E /* ConstraintConfig.swift */; };
		E260BC7C24961B6D00C4F26E /* UILayoutSupport+Extensions.swift in Sources */ = {isa = PBXBuildFile; fileRef = E260BC5724961B6D00C4F26E /* UILayoutSupport+Extensions.swift */; };
		E260BC7D24961B6D00C4F26E /* ConstraintView.swift in Sources */ = {isa = PBXBuildFile; fileRef = E260BC5824961B6D00C4F26E /* ConstraintView.swift */; };
		E260BC7E24961B6D00C4F26E /* ConstraintLayoutGuide.swift in Sources */ = {isa = PBXBuildFile; fileRef = E260BC5924961B6D00C4F26E /* ConstraintLayoutGuide.swift */; };
		E260BC7F24961B6D00C4F26E /* ConstraintLayoutSupport.swift in Sources */ = {isa = PBXBuildFile; fileRef = E260BC5A24961B6D00C4F26E /* ConstraintLayoutSupport.swift */; };
		E260BC8024961B6D00C4F26E /* Typealiases.swift in Sources */ = {isa = PBXBuildFile; fileRef = E260BC5B24961B6D00C4F26E /* Typealiases.swift */; };
		E260BC8124961B6D00C4F26E /* ConstraintConstantTarget.swift in Sources */ = {isa = PBXBuildFile; fileRef = E260BC5C24961B6D00C4F26E /* ConstraintConstantTarget.swift */; };
		E260BC8224961B6D00C4F26E /* ConstraintOffsetTarget.swift in Sources */ = {isa = PBXBuildFile; fileRef = E260BC5D24961B6D00C4F26E /* ConstraintOffsetTarget.swift */; };
		E260BC8324961B6D00C4F26E /* ConstraintMakerEditable.swift in Sources */ = {isa = PBXBuildFile; fileRef = E260BC5E24961B6D00C4F26E /* ConstraintMakerEditable.swift */; };
		E260BC8424961B6D00C4F26E /* ConstraintMaker.swift in Sources */ = {isa = PBXBuildFile; fileRef = E260BC5F24961B6D00C4F26E /* ConstraintMaker.swift */; };
		E260BC8524961B6D00C4F26E /* ConstraintRelation.swift in Sources */ = {isa = PBXBuildFile; fileRef = E260BC6024961B6D00C4F26E /* ConstraintRelation.swift */; };
		E260BC8624961B6D00C4F26E /* ConstraintLayoutGuideDSL.swift in Sources */ = {isa = PBXBuildFile; fileRef = E260BC6124961B6D00C4F26E /* ConstraintLayoutGuideDSL.swift */; };
		E260BC8724961B6D00C4F26E /* ConstraintView+Extensions.swift in Sources */ = {isa = PBXBuildFile; fileRef = E260BC6224961B6D00C4F26E /* ConstraintView+Extensions.swift */; };
		E260BC8824961B6D00C4F26E /* ConstraintItem.swift in Sources */ = {isa = PBXBuildFile; fileRef = E260BC6324961B6D00C4F26E /* ConstraintItem.swift */; };
		E260BC8924961B6D00C4F26E /* Constraint.swift in Sources */ = {isa = PBXBuildFile; fileRef = E260BC6424961B6D00C4F26E /* Constraint.swift */; };
		E260BC8A24961B6D00C4F26E /* Debugging.swift in Sources */ = {isa = PBXBuildFile; fileRef = E260BC6524961B6D00C4F26E /* Debugging.swift */; };
		E260BC8B24961B6D00C4F26E /* ConstraintRelatableTarget.swift in Sources */ = {isa = PBXBuildFile; fileRef = E260BC6624961B6D00C4F26E /* ConstraintRelatableTarget.swift */; };
		E260BC8D24961B6D00C4F26E /* LayoutConstraint.swift in Sources */ = {isa = PBXBuildFile; fileRef = E260BC6824961B6D00C4F26E /* LayoutConstraint.swift */; };
		E260BC8E24961B6D00C4F26E /* ConstraintLayoutGuide+Extensions.swift in Sources */ = {isa = PBXBuildFile; fileRef = E260BC6924961B6D00C4F26E /* ConstraintLayoutGuide+Extensions.swift */; };
		E260BC8F24961B6D00C4F26E /* ConstraintDirectionalInsets.swift in Sources */ = {isa = PBXBuildFile; fileRef = E260BC6A24961B6D00C4F26E /* ConstraintDirectionalInsets.swift */; };
		E260BC9024961B6D00C4F26E /* ConstraintLayoutSupportDSL.swift in Sources */ = {isa = PBXBuildFile; fileRef = E260BC6B24961B6D00C4F26E /* ConstraintLayoutSupportDSL.swift */; };
		E260BC9124961B6D00C4F26E /* ConstraintMakerRelatable.swift in Sources */ = {isa = PBXBuildFile; fileRef = E260BC6C24961B6D00C4F26E /* ConstraintMakerRelatable.swift */; };
		E288FE1E24970AD100890E1A /* InputParametersView.swift in Sources */ = {isa = PBXBuildFile; fileRef = E288FE1D24970AD100890E1A /* InputParametersView.swift */; };
		E288FE2024970BD600890E1A /* InputStyleCell.swift in Sources */ = {isa = PBXBuildFile; fileRef = E288FE1F24970BD600890E1A /* InputStyleCell.swift */; };
		E288FE242497993E00890E1A /* image.jpg in Resources */ = {isa = PBXBuildFile; fileRef = E288FE232497993E00890E1A /* image.jpg */; };
/* End PBXBuildFile section */

/* Begin PBXContainerItemProxy section */
		E20A939E24947D9100CBB519 /* PBXContainerItemProxy */ = {
			isa = PBXContainerItemProxy;
			containerPortal = E20A937F24947D9000CBB519 /* Project object */;
			proxyType = 1;
			remoteGlobalIDString = E20A938624947D9000CBB519;
			remoteInfo = ADASCalibrationInterfaceDemo;
		};
		E20A93A924947D9100CBB519 /* PBXContainerItemProxy */ = {
			isa = PBXContainerItemProxy;
			containerPortal = E20A937F24947D9000CBB519 /* Project object */;
			proxyType = 1;
			remoteGlobalIDString = E20A938624947D9000CBB519;
			remoteInfo = ADASCalibrationInterfaceDemo;
		};
/* End PBXContainerItemProxy section */

/* Begin PBXFileReference section */
		E20A938724947D9000CBB519 /* ADASCalibrationInterfaceDemo.app */ = {isa = PBXFileReference; explicitFileType = wrapper.application; includeInIndex = 0; path = ADASCalibrationInterfaceDemo.app; sourceTree = BUILT_PRODUCTS_DIR; };
		E20A938A24947D9000CBB519 /* AppDelegate.swift */ = {isa = PBXFileReference; lastKnownFileType = sourcecode.swift; path = AppDelegate.swift; sourceTree = "<group>"; };
		E20A938C24947D9000CBB519 /* SceneDelegate.swift */ = {isa = PBXFileReference; lastKnownFileType = sourcecode.swift; path = SceneDelegate.swift; sourceTree = "<group>"; };
		E20A938E24947D9000CBB519 /* ViewController.swift */ = {isa = PBXFileReference; lastKnownFileType = sourcecode.swift; path = ViewController.swift; sourceTree = "<group>"; };
		E20A939124947D9000CBB519 /* Base */ = {isa = PBXFileReference; lastKnownFileType = file.storyboard; name = Base; path = Base.lproj/Main.storyboard; sourceTree = "<group>"; };
		E20A939324947D9000CBB519 /* Assets.xcassets */ = {isa = PBXFileReference; lastKnownFileType = folder.assetcatalog; path = Assets.xcassets; sourceTree = "<group>"; };
		E20A939624947D9000CBB519 /* Base */ = {isa = PBXFileReference; lastKnownFileType = file.storyboard; name = Base; path = Base.lproj/LaunchScreen.storyboard; sourceTree = "<group>"; };
		E20A939824947D9000CBB519 /* Info.plist */ = {isa = PBXFileReference; lastKnownFileType = text.plist.xml; path = Info.plist; sourceTree = "<group>"; };
		E20A939D24947D9100CBB519 /* ADASCalibrationInterfaceDemoTests.xctest */ = {isa = PBXFileReference; explicitFileType = wrapper.cfbundle; includeInIndex = 0; path = ADASCalibrationInterfaceDemoTests.xctest; sourceTree = BUILT_PRODUCTS_DIR; };
		E20A93A124947D9100CBB519 /* ADASCalibrationInterfaceDemoTests.swift */ = {isa = PBXFileReference; lastKnownFileType = sourcecode.swift; path = ADASCalibrationInterfaceDemoTests.swift; sourceTree = "<group>"; };
		E20A93A324947D9100CBB519 /* Info.plist */ = {isa = PBXFileReference; lastKnownFileType = text.plist.xml; path = Info.plist; sourceTree = "<group>"; };
		E20A93A824947D9100CBB519 /* ADASCalibrationInterfaceDemoUITests.xctest */ = {isa = PBXFileReference; explicitFileType = wrapper.cfbundle; includeInIndex = 0; path = ADASCalibrationInterfaceDemoUITests.xctest; sourceTree = BUILT_PRODUCTS_DIR; };
		E20A93AC24947D9100CBB519 /* ADASCalibrationInterfaceDemoUITests.swift */ = {isa = PBXFileReference; lastKnownFileType = sourcecode.swift; path = ADASCalibrationInterfaceDemoUITests.swift; sourceTree = "<group>"; };
		E20A93AE24947D9100CBB519 /* Info.plist */ = {isa = PBXFileReference; lastKnownFileType = text.plist.xml; path = Info.plist; sourceTree = "<group>"; };
		E20A93BC2494A46F00CBB519 /* SteeringWheel.swift */ = {isa = PBXFileReference; lastKnownFileType = sourcecode.swift; path = SteeringWheel.swift; sourceTree = "<group>"; };
		E260BC4724961B6D00C4F26E /* ConstraintMultiplierTarget.swift */ = {isa = PBXFileReference; fileEncoding = 4; lastKnownFileType = sourcecode.swift; path = ConstraintMultiplierTarget.swift; sourceTree = "<group>"; };
		E260BC4824961B6D00C4F26E /* LayoutConstraintItem.swift */ = {isa = PBXFileReference; fileEncoding = 4; lastKnownFileType = sourcecode.swift; path = LayoutConstraintItem.swift; sourceTree = "<group>"; };
		E260BC4924961B6D00C4F26E /* ConstraintDescription.swift */ = {isa = PBXFileReference; fileEncoding = 4; lastKnownFileType = sourcecode.swift; path = ConstraintDescription.swift; sourceTree = "<group>"; };
		E260BC4A24961B6D00C4F26E /* ConstraintMakerPriortizable.swift */ = {isa = PBXFileReference; fileEncoding = 4; lastKnownFileType = sourcecode.swift; path = ConstraintMakerPriortizable.swift; sourceTree = "<group>"; };
		E260BC4B24961B6D00C4F26E /* ConstraintAttributes.swift */ = {isa = PBXFileReference; fileEncoding = 4; lastKnownFileType = sourcecode.swift; path = ConstraintAttributes.swift; sourceTree = "<group>"; };
		E260BC4C24961B6D00C4F26E /* ConstraintViewDSL.swift */ = {isa = PBXFileReference; fileEncoding = 4; lastKnownFileType = sourcecode.swift; path = ConstraintViewDSL.swift; sourceTree = "<group>"; };
		E260BC4D24961B6D00C4F26E /* ConstraintPriorityTarget.swift */ = {isa = PBXFileReference; fileEncoding = 4; lastKnownFileType = sourcecode.swift; path = ConstraintPriorityTarget.swift; sourceTree = "<group>"; };
		E260BC4E24961B6D00C4F26E /* ConstraintInsets.swift */ = {isa = PBXFileReference; fileEncoding = 4; lastKnownFileType = sourcecode.swift; path = ConstraintInsets.swift; sourceTree = "<group>"; };
		E260BC4F24961B6D00C4F26E /* ConstraintMakerFinalizable.swift */ = {isa = PBXFileReference; fileEncoding = 4; lastKnownFileType = sourcecode.swift; path = ConstraintMakerFinalizable.swift; sourceTree = "<group>"; };
		E260BC5024961B6D00C4F26E /* ConstraintDSL.swift */ = {isa = PBXFileReference; fileEncoding = 4; lastKnownFileType = sourcecode.swift; path = ConstraintDSL.swift; sourceTree = "<group>"; };
		E260BC5124961B6D00C4F26E /* ConstraintMakerExtendable.swift */ = {isa = PBXFileReference; fileEncoding = 4; lastKnownFileType = sourcecode.swift; path = ConstraintMakerExtendable.swift; sourceTree = "<group>"; };
		E260BC5224961B6D00C4F26E /* ConstraintPriority.swift */ = {isa = PBXFileReference; fileEncoding = 4; lastKnownFileType = sourcecode.swift; path = ConstraintPriority.swift; sourceTree = "<group>"; };
		E260BC5324961B6D00C4F26E /* ConstraintInsetTarget.swift */ = {isa = PBXFileReference; fileEncoding = 4; lastKnownFileType = sourcecode.swift; path = ConstraintInsetTarget.swift; sourceTree = "<group>"; };
		E260BC5424961B6D00C4F26E /* ConstraintDirectionalInsetTarget.swift */ = {isa = PBXFileReference; fileEncoding = 4; lastKnownFileType = sourcecode.swift; path = ConstraintDirectionalInsetTarget.swift; sourceTree = "<group>"; };
		E260BC5524961B6D00C4F26E /* SnapKit.h */ = {isa = PBXFileReference; fileEncoding = 4; lastKnownFileType = sourcecode.c.h; path = SnapKit.h; sourceTree = "<group>"; };
		E260BC5624961B6D00C4F26E /* ConstraintConfig.swift */ = {isa = PBXFileReference; fileEncoding = 4; lastKnownFileType = sourcecode.swift; path = ConstraintConfig.swift; sourceTree = "<group>"; };
		E260BC5724961B6D00C4F26E /* UILayoutSupport+Extensions.swift */ = {isa = PBXFileReference; fileEncoding = 4; lastKnownFileType = sourcecode.swift; path = "UILayoutSupport+Extensions.swift"; sourceTree = "<group>"; };
		E260BC5824961B6D00C4F26E /* ConstraintView.swift */ = {isa = PBXFileReference; fileEncoding = 4; lastKnownFileType = sourcecode.swift; path = ConstraintView.swift; sourceTree = "<group>"; };
		E260BC5924961B6D00C4F26E /* ConstraintLayoutGuide.swift */ = {isa = PBXFileReference; fileEncoding = 4; lastKnownFileType = sourcecode.swift; path = ConstraintLayoutGuide.swift; sourceTree = "<group>"; };
		E260BC5A24961B6D00C4F26E /* ConstraintLayoutSupport.swift */ = {isa = PBXFileReference; fileEncoding = 4; lastKnownFileType = sourcecode.swift; path = ConstraintLayoutSupport.swift; sourceTree = "<group>"; };
		E260BC5B24961B6D00C4F26E /* Typealiases.swift */ = {isa = PBXFileReference; fileEncoding = 4; lastKnownFileType = sourcecode.swift; path = Typealiases.swift; sourceTree = "<group>"; };
		E260BC5C24961B6D00C4F26E /* ConstraintConstantTarget.swift */ = {isa = PBXFileReference; fileEncoding = 4; lastKnownFileType = sourcecode.swift; path = ConstraintConstantTarget.swift; sourceTree = "<group>"; };
		E260BC5D24961B6D00C4F26E /* ConstraintOffsetTarget.swift */ = {isa = PBXFileReference; fileEncoding = 4; lastKnownFileType = sourcecode.swift; path = ConstraintOffsetTarget.swift; sourceTree = "<group>"; };
		E260BC5E24961B6D00C4F26E /* ConstraintMakerEditable.swift */ = {isa = PBXFileReference; fileEncoding = 4; lastKnownFileType = sourcecode.swift; path = ConstraintMakerEditable.swift; sourceTree = "<group>"; };
		E260BC5F24961B6D00C4F26E /* ConstraintMaker.swift */ = {isa = PBXFileReference; fileEncoding = 4; lastKnownFileType = sourcecode.swift; path = ConstraintMaker.swift; sourceTree = "<group>"; };
		E260BC6024961B6D00C4F26E /* ConstraintRelation.swift */ = {isa = PBXFileReference; fileEncoding = 4; lastKnownFileType = sourcecode.swift; path = ConstraintRelation.swift; sourceTree = "<group>"; };
		E260BC6124961B6D00C4F26E /* ConstraintLayoutGuideDSL.swift */ = {isa = PBXFileReference; fileEncoding = 4; lastKnownFileType = sourcecode.swift; path = ConstraintLayoutGuideDSL.swift; sourceTree = "<group>"; };
		E260BC6224961B6D00C4F26E /* ConstraintView+Extensions.swift */ = {isa = PBXFileReference; fileEncoding = 4; lastKnownFileType = sourcecode.swift; path = "ConstraintView+Extensions.swift"; sourceTree = "<group>"; };
		E260BC6324961B6D00C4F26E /* ConstraintItem.swift */ = {isa = PBXFileReference; fileEncoding = 4; lastKnownFileType = sourcecode.swift; path = ConstraintItem.swift; sourceTree = "<group>"; };
		E260BC6424961B6D00C4F26E /* Constraint.swift */ = {isa = PBXFileReference; fileEncoding = 4; lastKnownFileType = sourcecode.swift; path = Constraint.swift; sourceTree = "<group>"; };
		E260BC6524961B6D00C4F26E /* Debugging.swift */ = {isa = PBXFileReference; fileEncoding = 4; lastKnownFileType = sourcecode.swift; path = Debugging.swift; sourceTree = "<group>"; };
		E260BC6624961B6D00C4F26E /* ConstraintRelatableTarget.swift */ = {isa = PBXFileReference; fileEncoding = 4; lastKnownFileType = sourcecode.swift; path = ConstraintRelatableTarget.swift; sourceTree = "<group>"; };
		E260BC6824961B6D00C4F26E /* LayoutConstraint.swift */ = {isa = PBXFileReference; fileEncoding = 4; lastKnownFileType = sourcecode.swift; path = LayoutConstraint.swift; sourceTree = "<group>"; };
		E260BC6924961B6D00C4F26E /* ConstraintLayoutGuide+Extensions.swift */ = {isa = PBXFileReference; fileEncoding = 4; lastKnownFileType = sourcecode.swift; path = "ConstraintLayoutGuide+Extensions.swift"; sourceTree = "<group>"; };
		E260BC6A24961B6D00C4F26E /* ConstraintDirectionalInsets.swift */ = {isa = PBXFileReference; fileEncoding = 4; lastKnownFileType = sourcecode.swift; path = ConstraintDirectionalInsets.swift; sourceTree = "<group>"; };
		E260BC6B24961B6D00C4F26E /* ConstraintLayoutSupportDSL.swift */ = {isa = PBXFileReference; fileEncoding = 4; lastKnownFileType = sourcecode.swift; path = ConstraintLayoutSupportDSL.swift; sourceTree = "<group>"; };
		E260BC6C24961B6D00C4F26E /* ConstraintMakerRelatable.swift */ = {isa = PBXFileReference; fileEncoding = 4; lastKnownFileType = sourcecode.swift; path = ConstraintMakerRelatable.swift; sourceTree = "<group>"; };
		E288FE1D24970AD100890E1A /* InputParametersView.swift */ = {isa = PBXFileReference; lastKnownFileType = sourcecode.swift; path = InputParametersView.swift; sourceTree = "<group>"; };
		E288FE1F24970BD600890E1A /* InputStyleCell.swift */ = {isa = PBXFileReference; lastKnownFileType = sourcecode.swift; path = InputStyleCell.swift; sourceTree = "<group>"; };
		E288FE232497993E00890E1A /* image.jpg */ = {isa = PBXFileReference; lastKnownFileType = image.jpeg; path = image.jpg; sourceTree = "<group>"; };
/* End PBXFileReference section */

/* Begin PBXFrameworksBuildPhase section */
		E20A938424947D9000CBB519 /* Frameworks */ = {
			isa = PBXFrameworksBuildPhase;
			buildActionMask = 2147483647;
			files = (
			);
			runOnlyForDeploymentPostprocessing = 0;
		};
		E20A939A24947D9100CBB519 /* Frameworks */ = {
			isa = PBXFrameworksBuildPhase;
			buildActionMask = 2147483647;
			files = (
			);
			runOnlyForDeploymentPostprocessing = 0;
		};
		E20A93A524947D9100CBB519 /* Frameworks */ = {
			isa = PBXFrameworksBuildPhase;
			buildActionMask = 2147483647;
			files = (
			);
			runOnlyForDeploymentPostprocessing = 0;
		};
/* End PBXFrameworksBuildPhase section */

/* Begin PBXGroup section */
		E20A937E24947D9000CBB519 = {
			isa = PBXGroup;
			children = (
				E20A938924947D9000CBB519 /* ADASCalibrationInterfaceDemo */,
				E20A93A024947D9100CBB519 /* ADASCalibrationInterfaceDemoTests */,
				E20A93AB24947D9100CBB519 /* ADASCalibrationInterfaceDemoUITests */,
				E20A938824947D9000CBB519 /* Products */,
			);
			sourceTree = "<group>";
		};
		E20A938824947D9000CBB519 /* Products */ = {
			isa = PBXGroup;
			children = (
				E20A938724947D9000CBB519 /* ADASCalibrationInterfaceDemo.app */,
				E20A939D24947D9100CBB519 /* ADASCalibrationInterfaceDemoTests.xctest */,
				E20A93A824947D9100CBB519 /* ADASCalibrationInterfaceDemoUITests.xctest */,
			);
			name = Products;
			sourceTree = "<group>";
		};
		E20A938924947D9000CBB519 /* ADASCalibrationInterfaceDemo */ = {
			isa = PBXGroup;
			children = (
				E260BC4624961B6D00C4F26E /* SnapKit */,
				E20A938A24947D9000CBB519 /* AppDelegate.swift */,
				E20A938C24947D9000CBB519 /* SceneDelegate.swift */,
				E20A938E24947D9000CBB519 /* ViewController.swift */,
				E288FE232497993E00890E1A /* image.jpg */,
				E20A939024947D9000CBB519 /* Main.storyboard */,
				E20A939324947D9000CBB519 /* Assets.xcassets */,
				E20A939524947D9000CBB519 /* LaunchScreen.storyboard */,
				E20A939824947D9000CBB519 /* Info.plist */,
				E20A93BC2494A46F00CBB519 /* SteeringWheel.swift */,
				E288FE1D24970AD100890E1A /* InputParametersView.swift */,
				E288FE1F24970BD600890E1A /* InputStyleCell.swift */,
			);
			path = ADASCalibrationInterfaceDemo;
			sourceTree = "<group>";
		};
		E20A93A024947D9100CBB519 /* ADASCalibrationInterfaceDemoTests */ = {
			isa = PBXGroup;
			children = (
				E20A93A124947D9100CBB519 /* ADASCalibrationInterfaceDemoTests.swift */,
				E20A93A324947D9100CBB519 /* Info.plist */,
			);
			path = ADASCalibrationInterfaceDemoTests;
			sourceTree = "<group>";
		};
		E20A93AB24947D9100CBB519 /* ADASCalibrationInterfaceDemoUITests */ = {
			isa = PBXGroup;
			children = (
				E20A93AC24947D9100CBB519 /* ADASCalibrationInterfaceDemoUITests.swift */,
				E20A93AE24947D9100CBB519 /* Info.plist */,
			);
			path = ADASCalibrationInterfaceDemoUITests;
			sourceTree = "<group>";
		};
		E260BC4624961B6D00C4F26E /* SnapKit */ = {
			isa = PBXGroup;
			children = (
				E260BC6424961B6D00C4F26E /* Constraint.swift */,
				E260BC4B24961B6D00C4F26E /* ConstraintAttributes.swift */,
				E260BC5624961B6D00C4F26E /* ConstraintConfig.swift */,
				E260BC5C24961B6D00C4F26E /* ConstraintConstantTarget.swift */,
				E260BC4924961B6D00C4F26E /* ConstraintDescription.swift */,
				E260BC6A24961B6D00C4F26E /* ConstraintDirectionalInsets.swift */,
				E260BC5424961B6D00C4F26E /* ConstraintDirectionalInsetTarget.swift */,
				E260BC5024961B6D00C4F26E /* ConstraintDSL.swift */,
				E260BC4E24961B6D00C4F26E /* ConstraintInsets.swift */,
				E260BC5324961B6D00C4F26E /* ConstraintInsetTarget.swift */,
				E260BC6324961B6D00C4F26E /* ConstraintItem.swift */,
				E260BC5924961B6D00C4F26E /* ConstraintLayoutGuide.swift */,
				E260BC6924961B6D00C4F26E /* ConstraintLayoutGuide+Extensions.swift */,
				E260BC6124961B6D00C4F26E /* ConstraintLayoutGuideDSL.swift */,
				E260BC5A24961B6D00C4F26E /* ConstraintLayoutSupport.swift */,
				E260BC6B24961B6D00C4F26E /* ConstraintLayoutSupportDSL.swift */,
				E260BC5F24961B6D00C4F26E /* ConstraintMaker.swift */,
				E260BC5E24961B6D00C4F26E /* ConstraintMakerEditable.swift */,
				E260BC5124961B6D00C4F26E /* ConstraintMakerExtendable.swift */,
				E260BC4F24961B6D00C4F26E /* ConstraintMakerFinalizable.swift */,
				E260BC4A24961B6D00C4F26E /* ConstraintMakerPriortizable.swift */,
				E260BC6C24961B6D00C4F26E /* ConstraintMakerRelatable.swift */,
				E260BC4724961B6D00C4F26E /* ConstraintMultiplierTarget.swift */,
				E260BC5D24961B6D00C4F26E /* ConstraintOffsetTarget.swift */,
				E260BC5224961B6D00C4F26E /* ConstraintPriority.swift */,
				E260BC4D24961B6D00C4F26E /* ConstraintPriorityTarget.swift */,
				E260BC6624961B6D00C4F26E /* ConstraintRelatableTarget.swift */,
				E260BC6024961B6D00C4F26E /* ConstraintRelation.swift */,
				E260BC5824961B6D00C4F26E /* ConstraintView.swift */,
				E260BC6224961B6D00C4F26E /* ConstraintView+Extensions.swift */,
				E260BC4C24961B6D00C4F26E /* ConstraintViewDSL.swift */,
				E260BC6524961B6D00C4F26E /* Debugging.swift */,
				E260BC6824961B6D00C4F26E /* LayoutConstraint.swift */,
				E260BC4824961B6D00C4F26E /* LayoutConstraintItem.swift */,
				E260BC5524961B6D00C4F26E /* SnapKit.h */,
				E260BC5B24961B6D00C4F26E /* Typealiases.swift */,
				E260BC5724961B6D00C4F26E /* UILayoutSupport+Extensions.swift */,
			);
			path = SnapKit;
			sourceTree = "<group>";
		};
/* End PBXGroup section */

/* Begin PBXNativeTarget section */
		E20A938624947D9000CBB519 /* ADASCalibrationInterfaceDemo */ = {
			isa = PBXNativeTarget;
			buildConfigurationList = E20A93B124947D9100CBB519 /* Build configuration list for PBXNativeTarget "ADASCalibrationInterfaceDemo" */;
			buildPhases = (
				E20A938324947D9000CBB519 /* Sources */,
				E20A938424947D9000CBB519 /* Frameworks */,
				E20A938524947D9000CBB519 /* Resources */,
			);
			buildRules = (
			);
			dependencies = (
			);
			name = ADASCalibrationInterfaceDemo;
			productName = ADASCalibrationInterfaceDemo;
			productReference = E20A938724947D9000CBB519 /* ADASCalibrationInterfaceDemo.app */;
			productType = "com.apple.product-type.application";
		};
		E20A939C24947D9100CBB519 /* ADASCalibrationInterfaceDemoTests */ = {
			isa = PBXNativeTarget;
			buildConfigurationList = E20A93B424947D9100CBB519 /* Build configuration list for PBXNativeTarget "ADASCalibrationInterfaceDemoTests" */;
			buildPhases = (
				E20A939924947D9100CBB519 /* Sources */,
				E20A939A24947D9100CBB519 /* Frameworks */,
				E20A939B24947D9100CBB519 /* Resources */,
			);
			buildRules = (
			);
			dependencies = (
				E20A939F24947D9100CBB519 /* PBXTargetDependency */,
			);
			name = ADASCalibrationInterfaceDemoTests;
			productName = ADASCalibrationInterfaceDemoTests;
			productReference = E20A939D24947D9100CBB519 /* ADASCalibrationInterfaceDemoTests.xctest */;
			productType = "com.apple.product-type.bundle.unit-test";
		};
		E20A93A724947D9100CBB519 /* ADASCalibrationInterfaceDemoUITests */ = {
			isa = PBXNativeTarget;
			buildConfigurationList = E20A93B724947D9100CBB519 /* Build configuration list for PBXNativeTarget "ADASCalibrationInterfaceDemoUITests" */;
			buildPhases = (
				E20A93A424947D9100CBB519 /* Sources */,
				E20A93A524947D9100CBB519 /* Frameworks */,
				E20A93A624947D9100CBB519 /* Resources */,
			);
			buildRules = (
			);
			dependencies = (
				E20A93AA24947D9100CBB519 /* PBXTargetDependency */,
			);
			name = ADASCalibrationInterfaceDemoUITests;
			productName = ADASCalibrationInterfaceDemoUITests;
			productReference = E20A93A824947D9100CBB519 /* ADASCalibrationInterfaceDemoUITests.xctest */;
			productType = "com.apple.product-type.bundle.ui-testing";
		};
/* End PBXNativeTarget section */

/* Begin PBXProject section */
		E20A937F24947D9000CBB519 /* Project object */ = {
			isa = PBXProject;
			attributes = {
				LastSwiftUpdateCheck = 1150;
				LastUpgradeCheck = 1150;
				ORGANIZATIONNAME = "GiANTLEAP Inc.";
				TargetAttributes = {
					E20A938624947D9000CBB519 = {
						CreatedOnToolsVersion = 11.5;
					};
					E20A939C24947D9100CBB519 = {
						CreatedOnToolsVersion = 11.5;
						TestTargetID = E20A938624947D9000CBB519;
					};
					E20A93A724947D9100CBB519 = {
						CreatedOnToolsVersion = 11.5;
						TestTargetID = E20A938624947D9000CBB519;
					};
				};
			};
			buildConfigurationList = E20A938224947D9000CBB519 /* Build configuration list for PBXProject "ADASCalibrationInterfaceDemo" */;
			compatibilityVersion = "Xcode 9.3";
			developmentRegion = en;
			hasScannedForEncodings = 0;
			knownRegions = (
				en,
				Base,
			);
			mainGroup = E20A937E24947D9000CBB519;
			productRefGroup = E20A938824947D9000CBB519 /* Products */;
			projectDirPath = "";
			projectRoot = "";
			targets = (
				E20A938624947D9000CBB519 /* ADASCalibrationInterfaceDemo */,
				E20A939C24947D9100CBB519 /* ADASCalibrationInterfaceDemoTests */,
				E20A93A724947D9100CBB519 /* ADASCalibrationInterfaceDemoUITests */,
			);
		};
/* End PBXProject section */

/* Begin PBXResourcesBuildPhase section */
		E20A938524947D9000CBB519 /* Resources */ = {
			isa = PBXResourcesBuildPhase;
			buildActionMask = 2147483647;
			files = (
				E288FE242497993E00890E1A /* image.jpg in Resources */,
				E20A939724947D9000CBB519 /* LaunchScreen.storyboard in Resources */,
				E20A939424947D9000CBB519 /* Assets.xcassets in Resources */,
				E20A939224947D9000CBB519 /* Main.storyboard in Resources */,
			);
			runOnlyForDeploymentPostprocessing = 0;
		};
		E20A939B24947D9100CBB519 /* Resources */ = {
			isa = PBXResourcesBuildPhase;
			buildActionMask = 2147483647;
			files = (
			);
			runOnlyForDeploymentPostprocessing = 0;
		};
		E20A93A624947D9100CBB519 /* Resources */ = {
			isa = PBXResourcesBuildPhase;
			buildActionMask = 2147483647;
			files = (
			);
			runOnlyForDeploymentPostprocessing = 0;
		};
/* End PBXResourcesBuildPhase section */

/* Begin PBXSourcesBuildPhase section */
		E20A938324947D9000CBB519 /* Sources */ = {
			isa = PBXSourcesBuildPhase;
			buildActionMask = 2147483647;
			files = (
				E260BC8524961B6D00C4F26E /* ConstraintRelation.swift in Sources */,
				E260BC8324961B6D00C4F26E /* ConstraintMakerEditable.swift in Sources */,
				E260BC9124961B6D00C4F26E /* ConstraintMakerRelatable.swift in Sources */,
				E260BC7424961B6D00C4F26E /* ConstraintInsets.swift in Sources */,
				E260BC8B24961B6D00C4F26E /* ConstraintRelatableTarget.swift in Sources */,
				E260BC8824961B6D00C4F26E /* ConstraintItem.swift in Sources */,
				E260BC8E24961B6D00C4F26E /* ConstraintLayoutGuide+Extensions.swift in Sources */,
				E260BC7F24961B6D00C4F26E /* ConstraintLayoutSupport.swift in Sources */,
				E260BC7124961B6D00C4F26E /* ConstraintAttributes.swift in Sources */,
				E260BC8624961B6D00C4F26E /* ConstraintLayoutGuideDSL.swift in Sources */,
				E260BC7224961B6D00C4F26E /* ConstraintViewDSL.swift in Sources */,
				E260BC8224961B6D00C4F26E /* ConstraintOffsetTarget.swift in Sources */,
				E260BC7024961B6D00C4F26E /* ConstraintMakerPriortizable.swift in Sources */,
				E20A93BD2494A46F00CBB519 /* SteeringWheel.swift in Sources */,
				E20A938F24947D9000CBB519 /* ViewController.swift in Sources */,
				E260BC8A24961B6D00C4F26E /* Debugging.swift in Sources */,
				E260BC8424961B6D00C4F26E /* ConstraintMaker.swift in Sources */,
				E260BC7324961B6D00C4F26E /* ConstraintPriorityTarget.swift in Sources */,
				E260BC8724961B6D00C4F26E /* ConstraintView+Extensions.swift in Sources */,
				E260BC8024961B6D00C4F26E /* Typealiases.swift in Sources */,
				E20A938B24947D9000CBB519 /* AppDelegate.swift in Sources */,
				E260BC7724961B6D00C4F26E /* ConstraintMakerExtendable.swift in Sources */,
				E288FE1E24970AD100890E1A /* InputParametersView.swift in Sources */,
				E260BC8924961B6D00C4F26E /* Constraint.swift in Sources */,
				E260BC7D24961B6D00C4F26E /* ConstraintView.swift in Sources */,
				E20A938D24947D9000CBB519 /* SceneDelegate.swift in Sources */,
				E260BC7C24961B6D00C4F26E /* UILayoutSupport+Extensions.swift in Sources */,
				E260BC7824961B6D00C4F26E /* ConstraintPriority.swift in Sources */,
				E260BC6D24961B6D00C4F26E /* ConstraintMultiplierTarget.swift in Sources */,
				E260BC8F24961B6D00C4F26E /* ConstraintDirectionalInsets.swift in Sources */,
				E288FE2024970BD600890E1A /* InputStyleCell.swift in Sources */,
				E260BC6F24961B6D00C4F26E /* ConstraintDescription.swift in Sources */,
				E260BC8124961B6D00C4F26E /* ConstraintConstantTarget.swift in Sources */,
				E260BC7924961B6D00C4F26E /* ConstraintInsetTarget.swift in Sources */,
				E260BC6E24961B6D00C4F26E /* LayoutConstraintItem.swift in Sources */,
				E260BC7E24961B6D00C4F26E /* ConstraintLayoutGuide.swift in Sources */,
				E260BC7624961B6D00C4F26E /* ConstraintDSL.swift in Sources */,
				E260BC8D24961B6D00C4F26E /* LayoutConstraint.swift in Sources */,
				E260BC9024961B6D00C4F26E /* ConstraintLayoutSupportDSL.swift in Sources */,
				E260BC7B24961B6D00C4F26E /* ConstraintConfig.swift in Sources */,
				E260BC7A24961B6D00C4F26E /* ConstraintDirectionalInsetTarget.swift in Sources */,
				E260BC7524961B6D00C4F26E /* ConstraintMakerFinalizable.swift in Sources */,
			);
			runOnlyForDeploymentPostprocessing = 0;
		};
		E20A939924947D9100CBB519 /* Sources */ = {
			isa = PBXSourcesBuildPhase;
			buildActionMask = 2147483647;
			files = (
				E20A93A224947D9100CBB519 /* ADASCalibrationInterfaceDemoTests.swift in Sources */,
			);
			runOnlyForDeploymentPostprocessing = 0;
		};
		E20A93A424947D9100CBB519 /* Sources */ = {
			isa = PBXSourcesBuildPhase;
			buildActionMask = 2147483647;
			files = (
				E20A93AD24947D9100CBB519 /* ADASCalibrationInterfaceDemoUITests.swift in Sources */,
			);
			runOnlyForDeploymentPostprocessing = 0;
		};
/* End PBXSourcesBuildPhase section */

/* Begin PBXTargetDependency section */
		E20A939F24947D9100CBB519 /* PBXTargetDependency */ = {
			isa = PBXTargetDependency;
			target = E20A938624947D9000CBB519 /* ADASCalibrationInterfaceDemo */;
			targetProxy = E20A939E24947D9100CBB519 /* PBXContainerItemProxy */;
		};
		E20A93AA24947D9100CBB519 /* PBXTargetDependency */ = {
			isa = PBXTargetDependency;
			target = E20A938624947D9000CBB519 /* ADASCalibrationInterfaceDemo */;
			targetProxy = E20A93A924947D9100CBB519 /* PBXContainerItemProxy */;
		};
/* End PBXTargetDependency section */

/* Begin PBXVariantGroup section */
		E20A939024947D9000CBB519 /* Main.storyboard */ = {
			isa = PBXVariantGroup;
			children = (
				E20A939124947D9000CBB519 /* Base */,
			);
			name = Main.storyboard;
			sourceTree = "<group>";
		};
		E20A939524947D9000CBB519 /* LaunchScreen.storyboard */ = {
			isa = PBXVariantGroup;
			children = (
				E20A939624947D9000CBB519 /* Base */,
			);
			name = LaunchScreen.storyboard;
			sourceTree = "<group>";
		};
/* End PBXVariantGroup section */

/* Begin XCBuildConfiguration section */
		E20A93AF24947D9100CBB519 /* Debug */ = {
			isa = XCBuildConfiguration;
			buildSettings = {
				ALWAYS_SEARCH_USER_PATHS = NO;
				CLANG_ANALYZER_NONNULL = YES;
				CLANG_ANALYZER_NUMBER_OBJECT_CONVERSION = YES_AGGRESSIVE;
				CLANG_CXX_LANGUAGE_STANDARD = "gnu++14";
				CLANG_CXX_LIBRARY = "libc++";
				CLANG_ENABLE_MODULES = YES;
				CLANG_ENABLE_OBJC_ARC = YES;
				CLANG_ENABLE_OBJC_WEAK = YES;
				CLANG_WARN_BLOCK_CAPTURE_AUTORELEASING = YES;
				CLANG_WARN_BOOL_CONVERSION = YES;
				CLANG_WARN_COMMA = YES;
				CLANG_WARN_CONSTANT_CONVERSION = YES;
				CLANG_WARN_DEPRECATED_OBJC_IMPLEMENTATIONS = YES;
				CLANG_WARN_DIRECT_OBJC_ISA_USAGE = YES_ERROR;
				CLANG_WARN_DOCUMENTATION_COMMENTS = YES;
				CLANG_WARN_EMPTY_BODY = YES;
				CLANG_WARN_ENUM_CONVERSION = YES;
				CLANG_WARN_INFINITE_RECURSION = YES;
				CLANG_WARN_INT_CONVERSION = YES;
				CLANG_WARN_NON_LITERAL_NULL_CONVERSION = YES;
				CLANG_WARN_OBJC_IMPLICIT_RETAIN_SELF = YES;
				CLANG_WARN_OBJC_LITERAL_CONVERSION = YES;
				CLANG_WARN_OBJC_ROOT_CLASS = YES_ERROR;
				CLANG_WARN_RANGE_LOOP_ANALYSIS = YES;
				CLANG_WARN_STRICT_PROTOTYPES = YES;
				CLANG_WARN_SUSPICIOUS_MOVE = YES;
				CLANG_WARN_UNGUARDED_AVAILABILITY = YES_AGGRESSIVE;
				CLANG_WARN_UNREACHABLE_CODE = YES;
				CLANG_WARN__DUPLICATE_METHOD_MATCH = YES;
				COPY_PHASE_STRIP = NO;
				DEBUG_INFORMATION_FORMAT = dwarf;
				ENABLE_STRICT_OBJC_MSGSEND = YES;
				ENABLE_TESTABILITY = YES;
				GCC_C_LANGUAGE_STANDARD = gnu11;
				GCC_DYNAMIC_NO_PIC = NO;
				GCC_NO_COMMON_BLOCKS = YES;
				GCC_OPTIMIZATION_LEVEL = 0;
				GCC_PREPROCESSOR_DEFINITIONS = (
					"DEBUG=1",
					"$(inherited)",
				);
				GCC_WARN_64_TO_32_BIT_CONVERSION = YES;
				GCC_WARN_ABOUT_RETURN_TYPE = YES_ERROR;
				GCC_WARN_UNDECLARED_SELECTOR = YES;
				GCC_WARN_UNINITIALIZED_AUTOS = YES_AGGRESSIVE;
				GCC_WARN_UNUSED_FUNCTION = YES;
				GCC_WARN_UNUSED_VARIABLE = YES;
				IPHONEOS_DEPLOYMENT_TARGET = 13.5;
				MTL_ENABLE_DEBUG_INFO = INCLUDE_SOURCE;
				MTL_FAST_MATH = YES;
				ONLY_ACTIVE_ARCH = YES;
				SDKROOT = iphoneos;
				SWIFT_ACTIVE_COMPILATION_CONDITIONS = DEBUG;
				SWIFT_OPTIMIZATION_LEVEL = "-Onone";
			};
			name = Debug;
		};
		E20A93B024947D9100CBB519 /* Release */ = {
			isa = XCBuildConfiguration;
			buildSettings = {
				ALWAYS_SEARCH_USER_PATHS = NO;
				CLANG_ANALYZER_NONNULL = YES;
				CLANG_ANALYZER_NUMBER_OBJECT_CONVERSION = YES_AGGRESSIVE;
				CLANG_CXX_LANGUAGE_STANDARD = "gnu++14";
				CLANG_CXX_LIBRARY = "libc++";
				CLANG_ENABLE_MODULES = YES;
				CLANG_ENABLE_OBJC_ARC = YES;
				CLANG_ENABLE_OBJC_WEAK = YES;
				CLANG_WARN_BLOCK_CAPTURE_AUTORELEASING = YES;
				CLANG_WARN_BOOL_CONVERSION = YES;
				CLANG_WARN_COMMA = YES;
				CLANG_WARN_CONSTANT_CONVERSION = YES;
				CLANG_WARN_DEPRECATED_OBJC_IMPLEMENTATIONS = YES;
				CLANG_WARN_DIRECT_OBJC_ISA_USAGE = YES_ERROR;
				CLANG_WARN_DOCUMENTATION_COMMENTS = YES;
				CLANG_WARN_EMPTY_BODY = YES;
				CLANG_WARN_ENUM_CONVERSION = YES;
				CLANG_WARN_INFINITE_RECURSION = YES;
				CLANG_WARN_INT_CONVERSION = YES;
				CLANG_WARN_NON_LITERAL_NULL_CONVERSION = YES;
				CLANG_WARN_OBJC_IMPLICIT_RETAIN_SELF = YES;
				CLANG_WARN_OBJC_LITERAL_CONVERSION = YES;
				CLANG_WARN_OBJC_ROOT_CLASS = YES_ERROR;
				CLANG_WARN_RANGE_LOOP_ANALYSIS = YES;
				CLANG_WARN_STRICT_PROTOTYPES = YES;
				CLANG_WARN_SUSPICIOUS_MOVE = YES;
				CLANG_WARN_UNGUARDED_AVAILABILITY = YES_AGGRESSIVE;
				CLANG_WARN_UNREACHABLE_CODE = YES;
				CLANG_WARN__DUPLICATE_METHOD_MATCH = YES;
				COPY_PHASE_STRIP = NO;
				DEBUG_INFORMATION_FORMAT = "dwarf-with-dsym";
				ENABLE_NS_ASSERTIONS = NO;
				ENABLE_STRICT_OBJC_MSGSEND = YES;
				GCC_C_LANGUAGE_STANDARD = gnu11;
				GCC_NO_COMMON_BLOCKS = YES;
				GCC_WARN_64_TO_32_BIT_CONVERSION = YES;
				GCC_WARN_ABOUT_RETURN_TYPE = YES_ERROR;
				GCC_WARN_UNDECLARED_SELECTOR = YES;
				GCC_WARN_UNINITIALIZED_AUTOS = YES_AGGRESSIVE;
				GCC_WARN_UNUSED_FUNCTION = YES;
				GCC_WARN_UNUSED_VARIABLE = YES;
				IPHONEOS_DEPLOYMENT_TARGET = 13.5;
				MTL_ENABLE_DEBUG_INFO = NO;
				MTL_FAST_MATH = YES;
				SDKROOT = iphoneos;
				SWIFT_COMPILATION_MODE = wholemodule;
				SWIFT_OPTIMIZATION_LEVEL = "-O";
				VALIDATE_PRODUCT = YES;
			};
			name = Release;
		};
		E20A93B224947D9100CBB519 /* Debug */ = {
			isa = XCBuildConfiguration;
			buildSettings = {
				ASSETCATALOG_COMPILER_APPICON_NAME = AppIcon;
				CODE_SIGN_STYLE = Automatic;
				DEVELOPMENT_TEAM = XWWNNK8A4D;
				INFOPLIST_FILE = ADASCalibrationInterfaceDemo/Info.plist;
				LD_RUNPATH_SEARCH_PATHS = (
					"$(inherited)",
					"@executable_path/Frameworks",
				);
				PRODUCT_BUNDLE_IDENTIFIER = com.glp.ADASCalibrationInterfaceDemo;
				PRODUCT_NAME = "$(TARGET_NAME)";
				SWIFT_VERSION = 5.0;
				TARGETED_DEVICE_FAMILY = "1,2";
			};
			name = Debug;
		};
		E20A93B324947D9100CBB519 /* Release */ = {
			isa = XCBuildConfiguration;
			buildSettings = {
				ASSETCATALOG_COMPILER_APPICON_NAME = AppIcon;
				CODE_SIGN_STYLE = Automatic;
				DEVELOPMENT_TEAM = XWWNNK8A4D;
				INFOPLIST_FILE = ADASCalibrationInterfaceDemo/Info.plist;
				LD_RUNPATH_SEARCH_PATHS = (
					"$(inherited)",
					"@executable_path/Frameworks",
				);
				PRODUCT_BUNDLE_IDENTIFIER = com.glp.ADASCalibrationInterfaceDemo;
				PRODUCT_NAME = "$(TARGET_NAME)";
				SWIFT_VERSION = 5.0;
				TARGETED_DEVICE_FAMILY = "1,2";
			};
			name = Release;
		};
		E20A93B524947D9100CBB519 /* Debug */ = {
			isa = XCBuildConfiguration;
			buildSettings = {
				ALWAYS_EMBED_SWIFT_STANDARD_LIBRARIES = YES;
				BUNDLE_LOADER = "$(TEST_HOST)";
				CODE_SIGN_STYLE = Automatic;
				INFOPLIST_FILE = ADASCalibrationInterfaceDemoTests/Info.plist;
				IPHONEOS_DEPLOYMENT_TARGET = 13.5;
				LD_RUNPATH_SEARCH_PATHS = (
					"$(inherited)",
					"@executable_path/Frameworks",
					"@loader_path/Frameworks",
				);
				PRODUCT_BUNDLE_IDENTIFIER = com.glp.ADASCalibrationInterfaceDemoTests;
				PRODUCT_NAME = "$(TARGET_NAME)";
				SWIFT_VERSION = 5.0;
				TARGETED_DEVICE_FAMILY = "1,2";
				TEST_HOST = "$(BUILT_PRODUCTS_DIR)/ADASCalibrationInterfaceDemo.app/ADASCalibrationInterfaceDemo";
			};
			name = Debug;
		};
		E20A93B624947D9100CBB519 /* Release */ = {
			isa = XCBuildConfiguration;
			buildSettings = {
				ALWAYS_EMBED_SWIFT_STANDARD_LIBRARIES = YES;
				BUNDLE_LOADER = "$(TEST_HOST)";
				CODE_SIGN_STYLE = Automatic;
				INFOPLIST_FILE = ADASCalibrationInterfaceDemoTests/Info.plist;
				IPHONEOS_DEPLOYMENT_TARGET = 13.5;
				LD_RUNPATH_SEARCH_PATHS = (
					"$(inherited)",
					"@executable_path/Frameworks",
					"@loader_path/Frameworks",
				);
				PRODUCT_BUNDLE_IDENTIFIER = com.glp.ADASCalibrationInterfaceDemoTests;
				PRODUCT_NAME = "$(TARGET_NAME)";
				SWIFT_VERSION = 5.0;
				TARGETED_DEVICE_FAMILY = "1,2";
				TEST_HOST = "$(BUILT_PRODUCTS_DIR)/ADASCalibrationInterfaceDemo.app/ADASCalibrationInterfaceDemo";
			};
			name = Release;
		};
		E20A93B824947D9100CBB519 /* Debug */ = {
			isa = XCBuildConfiguration;
			buildSettings = {
				ALWAYS_EMBED_SWIFT_STANDARD_LIBRARIES = YES;
				CODE_SIGN_STYLE = Automatic;
				INFOPLIST_FILE = ADASCalibrationInterfaceDemoUITests/Info.plist;
				LD_RUNPATH_SEARCH_PATHS = (
					"$(inherited)",
					"@executable_path/Frameworks",
					"@loader_path/Frameworks",
				);
				PRODUCT_BUNDLE_IDENTIFIER = com.glp.ADASCalibrationInterfaceDemoUITests;
				PRODUCT_NAME = "$(TARGET_NAME)";
				SWIFT_VERSION = 5.0;
				TARGETED_DEVICE_FAMILY = "1,2";
				TEST_TARGET_NAME = ADASCalibrationInterfaceDemo;
			};
			name = Debug;
		};
		E20A93B924947D9100CBB519 /* Release */ = {
			isa = XCBuildConfiguration;
			buildSettings = {
				ALWAYS_EMBED_SWIFT_STANDARD_LIBRARIES = YES;
				CODE_SIGN_STYLE = Automatic;
				INFOPLIST_FILE = ADASCalibrationInterfaceDemoUITests/Info.plist;
				LD_RUNPATH_SEARCH_PATHS = (
					"$(inherited)",
					"@executable_path/Frameworks",
					"@loader_path/Frameworks",
				);
				PRODUCT_BUNDLE_IDENTIFIER = com.glp.ADASCalibrationInterfaceDemoUITests;
				PRODUCT_NAME = "$(TARGET_NAME)";
				SWIFT_VERSION = 5.0;
				TARGETED_DEVICE_FAMILY = "1,2";
				TEST_TARGET_NAME = ADASCalibrationInterfaceDemo;
			};
			name = Release;
		};
/* End XCBuildConfiguration section */

/* Begin XCConfigurationList section */
		E20A938224947D9000CBB519 /* Build configuration list for PBXProject "ADASCalibrationInterfaceDemo" */ = {
			isa = XCConfigurationList;
			buildConfigurations = (
				E20A93AF24947D9100CBB519 /* Debug */,
				E20A93B024947D9100CBB519 /* Release */,
			);
			defaultConfigurationIsVisible = 0;
			defaultConfigurationName = Release;
		};
		E20A93B124947D9100CBB519 /* Build configuration list for PBXNativeTarget "ADASCalibrationInterfaceDemo" */ = {
			isa = XCConfigurationList;
			buildConfigurations = (
				E20A93B224947D9100CBB519 /* Debug */,
				E20A93B324947D9100CBB519 /* Release */,
			);
			defaultConfigurationIsVisible = 0;
			defaultConfigurationName = Release;
		};
		E20A93B424947D9100CBB519 /* Build configuration list for PBXNativeTarget "ADASCalibrationInterfaceDemoTests" */ = {
			isa = XCConfigurationList;
			buildConfigurations = (
				E20A93B524947D9100CBB519 /* Debug */,
				E20A93B624947D9100CBB519 /* Release */,
			);
			defaultConfigurationIsVisible = 0;
			defaultConfigurationName = Release;
		};
		E20A93B724947D9100CBB519 /* Build configuration list for PBXNativeTarget "ADASCalibrationInterfaceDemoUITests" */ = {
			isa = XCConfigurationList;
			buildConfigurations = (
				E20A93B824947D9100CBB519 /* Debug */,
				E20A93B924947D9100CBB519 /* Release */,
			);
			defaultConfigurationIsVisible = 0;
			defaultConfigurationName = Release;
		};
/* End XCConfigurationList section */
	};
	rootObject = E20A937F24947D9000CBB519 /* Project object */;
}
